// !$*UTF8*$!
{
	archiveVersion = 1;
	classes = {
	};
	objectVersion = 46;
	objects = {

/* Begin PBXBuildFile section */
		C405DCFE1F5D319000CE6638 /* main.m in Sources */ = {isa = PBXBuildFile; fileRef = C405DCFD1F5D319000CE6638 /* main.m */; };
		C405DD011F5D319000CE6638 /* AppDelegate.m in Sources */ = {isa = PBXBuildFile; fileRef = C405DD001F5D319000CE6638 /* AppDelegate.m */; };
		C405DD071F5D319000CE6638 /* Main.storyboard in Resources */ = {isa = PBXBuildFile; fileRef = C405DD051F5D319000CE6638 /* Main.storyboard */; };
		C405DD091F5D319000CE6638 /* Assets.xcassets in Resources */ = {isa = PBXBuildFile; fileRef = C405DD081F5D319000CE6638 /* Assets.xcassets */; };
		C405DD0C1F5D319000CE6638 /* LaunchScreen.storyboard in Resources */ = {isa = PBXBuildFile; fileRef = C405DD0A1F5D319000CE6638 /* LaunchScreen.storyboard */; };
		C405DDA81F5D339700CE6638 /* AFHTTPSessionManager.m in Sources */ = {isa = PBXBuildFile; fileRef = C405DD251F5D339700CE6638 /* AFHTTPSessionManager.m */; };
		C405DDA91F5D339700CE6638 /* AFNetworkReachabilityManager.m in Sources */ = {isa = PBXBuildFile; fileRef = C405DD281F5D339700CE6638 /* AFNetworkReachabilityManager.m */; };
		C405DDAA1F5D339700CE6638 /* AFSecurityPolicy.m in Sources */ = {isa = PBXBuildFile; fileRef = C405DD2A1F5D339700CE6638 /* AFSecurityPolicy.m */; };
		C405DDAB1F5D339700CE6638 /* AFURLRequestSerialization.m in Sources */ = {isa = PBXBuildFile; fileRef = C405DD2C1F5D339700CE6638 /* AFURLRequestSerialization.m */; };
		C405DDAC1F5D339700CE6638 /* AFURLResponseSerialization.m in Sources */ = {isa = PBXBuildFile; fileRef = C405DD2E1F5D339700CE6638 /* AFURLResponseSerialization.m */; };
		C405DDAD1F5D339700CE6638 /* AFURLSessionManager.m in Sources */ = {isa = PBXBuildFile; fileRef = C405DD301F5D339700CE6638 /* AFURLSessionManager.m */; };
		C405DDAE1F5D339700CE6638 /* AFAutoPurgingImageCache.m in Sources */ = {isa = PBXBuildFile; fileRef = C405DD331F5D339700CE6638 /* AFAutoPurgingImageCache.m */; };
		C405DDAF1F5D339700CE6638 /* AFImageDownloader.m in Sources */ = {isa = PBXBuildFile; fileRef = C405DD351F5D339700CE6638 /* AFImageDownloader.m */; };
		C405DDB01F5D339700CE6638 /* AFNetworkActivityIndicatorManager.m in Sources */ = {isa = PBXBuildFile; fileRef = C405DD371F5D339700CE6638 /* AFNetworkActivityIndicatorManager.m */; };
		C405DDB11F5D339700CE6638 /* UIActivityIndicatorView+AFNetworking.m in Sources */ = {isa = PBXBuildFile; fileRef = C405DD391F5D339700CE6638 /* UIActivityIndicatorView+AFNetworking.m */; };
		C405DDB21F5D339700CE6638 /* UIButton+AFNetworking.m in Sources */ = {isa = PBXBuildFile; fileRef = C405DD3B1F5D339700CE6638 /* UIButton+AFNetworking.m */; };
		C405DDB31F5D339700CE6638 /* UIImageView+AFNetworking.m in Sources */ = {isa = PBXBuildFile; fileRef = C405DD3E1F5D339700CE6638 /* UIImageView+AFNetworking.m */; };
		C405DDB41F5D339700CE6638 /* UIProgressView+AFNetworking.m in Sources */ = {isa = PBXBuildFile; fileRef = C405DD411F5D339700CE6638 /* UIProgressView+AFNetworking.m */; };
		C405DDB51F5D339700CE6638 /* UIRefreshControl+AFNetworking.m in Sources */ = {isa = PBXBuildFile; fileRef = C405DD431F5D339700CE6638 /* UIRefreshControl+AFNetworking.m */; };
		C405DDB61F5D339700CE6638 /* UIWebView+AFNetworking.m in Sources */ = {isa = PBXBuildFile; fileRef = C405DD451F5D339700CE6638 /* UIWebView+AFNetworking.m */; };
		C405DDB71F5D339700CE6638 /* Info.plist in Resources */ = {isa = PBXBuildFile; fileRef = C405DD471F5D339700CE6638 /* Info.plist */; };
		C405DDB81F5D339700CE6638 /* MASCompositeConstraint.m in Sources */ = {isa = PBXBuildFile; fileRef = C405DD491F5D339700CE6638 /* MASCompositeConstraint.m */; };
		C405DDB91F5D339700CE6638 /* MASConstraint.m in Sources */ = {isa = PBXBuildFile; fileRef = C405DD4C1F5D339700CE6638 /* MASConstraint.m */; };
		C405DDBA1F5D339700CE6638 /* MASConstraintMaker.m in Sources */ = {isa = PBXBuildFile; fileRef = C405DD4E1F5D339700CE6638 /* MASConstraintMaker.m */; };
		C405DDBB1F5D339700CE6638 /* MASLayoutConstraint.m in Sources */ = {isa = PBXBuildFile; fileRef = C405DD501F5D339700CE6638 /* MASLayoutConstraint.m */; };
		C405DDBC1F5D339700CE6638 /* MASViewAttribute.m in Sources */ = {isa = PBXBuildFile; fileRef = C405DD541F5D339700CE6638 /* MASViewAttribute.m */; };
		C405DDBD1F5D339700CE6638 /* MASViewConstraint.m in Sources */ = {isa = PBXBuildFile; fileRef = C405DD561F5D339700CE6638 /* MASViewConstraint.m */; };
		C405DDBE1F5D339700CE6638 /* NSArray+MASAdditions.m in Sources */ = {isa = PBXBuildFile; fileRef = C405DD581F5D339700CE6638 /* NSArray+MASAdditions.m */; };
		C405DDBF1F5D339700CE6638 /* NSLayoutConstraint+MASDebugAdditions.m in Sources */ = {isa = PBXBuildFile; fileRef = C405DD5B1F5D339700CE6638 /* NSLayoutConstraint+MASDebugAdditions.m */; };
		C405DDC01F5D339700CE6638 /* View+MASAdditions.m in Sources */ = {isa = PBXBuildFile; fileRef = C405DD5D1F5D339700CE6638 /* View+MASAdditions.m */; };
		C405DDC11F5D339700CE6638 /* ViewController+MASAdditions.m in Sources */ = {isa = PBXBuildFile; fileRef = C405DD601F5D339700CE6638 /* ViewController+MASAdditions.m */; };
		C405DDC21F5D339700CE6638 /* MKAnnotationView+WebCache.m in Sources */ = {isa = PBXBuildFile; fileRef = C405DD631F5D339700CE6638 /* MKAnnotationView+WebCache.m */; };
		C405DDC31F5D339700CE6638 /* NSData+ImageContentType.m in Sources */ = {isa = PBXBuildFile; fileRef = C405DD651F5D339700CE6638 /* NSData+ImageContentType.m */; };
		C405DDC41F5D339700CE6638 /* NSImage+WebCache.m in Sources */ = {isa = PBXBuildFile; fileRef = C405DD671F5D339700CE6638 /* NSImage+WebCache.m */; };
		C405DDC51F5D339700CE6638 /* SDImageCache.m in Sources */ = {isa = PBXBuildFile; fileRef = C405DD691F5D339700CE6638 /* SDImageCache.m */; };
		C405DDC61F5D339700CE6638 /* SDImageCacheConfig.m in Sources */ = {isa = PBXBuildFile; fileRef = C405DD6B1F5D339700CE6638 /* SDImageCacheConfig.m */; };
		C405DDC71F5D339700CE6638 /* SDWebImageCompat.m in Sources */ = {isa = PBXBuildFile; fileRef = C405DD6D1F5D339700CE6638 /* SDWebImageCompat.m */; };
		C405DDC81F5D339700CE6638 /* SDWebImageDecoder.m in Sources */ = {isa = PBXBuildFile; fileRef = C405DD6F1F5D339700CE6638 /* SDWebImageDecoder.m */; };
		C405DDC91F5D339700CE6638 /* SDWebImageDownloader.m in Sources */ = {isa = PBXBuildFile; fileRef = C405DD711F5D339700CE6638 /* SDWebImageDownloader.m */; };
		C405DDCA1F5D339700CE6638 /* SDWebImageDownloaderOperation.m in Sources */ = {isa = PBXBuildFile; fileRef = C405DD731F5D339700CE6638 /* SDWebImageDownloaderOperation.m */; };
		C405DDCB1F5D339700CE6638 /* SDWebImageManager.m in Sources */ = {isa = PBXBuildFile; fileRef = C405DD751F5D339700CE6638 /* SDWebImageManager.m */; };
		C405DDCC1F5D339700CE6638 /* SDWebImagePrefetcher.m in Sources */ = {isa = PBXBuildFile; fileRef = C405DD781F5D339700CE6638 /* SDWebImagePrefetcher.m */; };
		C405DDCD1F5D339700CE6638 /* UIButton+WebCache.m in Sources */ = {isa = PBXBuildFile; fileRef = C405DD7A1F5D339700CE6638 /* UIButton+WebCache.m */; };
		C405DDCE1F5D339700CE6638 /* UIImage+GIF.m in Sources */ = {isa = PBXBuildFile; fileRef = C405DD7C1F5D339700CE6638 /* UIImage+GIF.m */; };
		C405DDCF1F5D339700CE6638 /* UIImage+MultiFormat.m in Sources */ = {isa = PBXBuildFile; fileRef = C405DD7E1F5D339700CE6638 /* UIImage+MultiFormat.m */; };
		C405DDD01F5D339700CE6638 /* UIImage+WebP.m in Sources */ = {isa = PBXBuildFile; fileRef = C405DD801F5D339700CE6638 /* UIImage+WebP.m */; };
		C405DDD11F5D339700CE6638 /* UIImageView+HighlightedWebCache.m in Sources */ = {isa = PBXBuildFile; fileRef = C405DD821F5D339700CE6638 /* UIImageView+HighlightedWebCache.m */; };
		C405DDD21F5D339700CE6638 /* UIImageView+WebCache.m in Sources */ = {isa = PBXBuildFile; fileRef = C405DD841F5D339700CE6638 /* UIImageView+WebCache.m */; };
		C405DDD31F5D339700CE6638 /* UIView+WebCache.m in Sources */ = {isa = PBXBuildFile; fileRef = C405DD861F5D339700CE6638 /* UIView+WebCache.m */; };
		C405DDD41F5D339700CE6638 /* UIView+WebCacheOperation.m in Sources */ = {isa = PBXBuildFile; fileRef = C405DD881F5D339700CE6638 /* UIView+WebCacheOperation.m */; };
		C405DDD51F5D339700CE6638 /* NetRequestWork.m in Sources */ = {isa = PBXBuildFile; fileRef = C405DD8B1F5D339700CE6638 /* NetRequestWork.m */; };
		C405DDD61F5D339700CE6638 /* waitnews.png in Resources */ = {isa = PBXBuildFile; fileRef = C405DD8D1F5D339700CE6638 /* waitnews.png */; };
		C405DDD71F5D339700CE6638 /* waitnews@2x.png in Resources */ = {isa = PBXBuildFile; fileRef = C405DD8E1F5D339700CE6638 /* waitnews@2x.png */; };
		C405DDD81F5D339700CE6638 /* waitnews@3x.png in Resources */ = {isa = PBXBuildFile; fileRef = C405DD8F1F5D339700CE6638 /* waitnews@3x.png */; };
		C405DDD91F5D339700CE6638 /* UILabel+configure.m in Sources */ = {isa = PBXBuildFile; fileRef = C405DD921F5D339700CE6638 /* UILabel+configure.m */; };
		C405DDDA1F5D339700CE6638 /* ListViewController.m in Sources */ = {isa = PBXBuildFile; fileRef = C405DD981F5D339700CE6638 /* ListViewController.m */; };
		C405DDDB1F5D339700CE6638 /* HeaderModel.m in Sources */ = {isa = PBXBuildFile; fileRef = C405DD9B1F5D339700CE6638 /* HeaderModel.m */; };
		C405DDDC1F5D339700CE6638 /* NewTableViewCell.m in Sources */ = {isa = PBXBuildFile; fileRef = C405DD9E1F5D339700CE6638 /* NewTableViewCell.m */; };
		C405DDDD1F5D339700CE6638 /* WebDetailViewController.m in Sources */ = {isa = PBXBuildFile; fileRef = C405DDA01F5D339700CE6638 /* WebDetailViewController.m */; };
		C405DDDE1F5D339700CE6638 /* listViewModel.m in Sources */ = {isa = PBXBuildFile; fileRef = C405DDA31F5D339700CE6638 /* listViewModel.m */; };
		C405DDDF1F5D339700CE6638 /* SuperViewModel.m in Sources */ = {isa = PBXBuildFile; fileRef = C405DDA51F5D339700CE6638 /* SuperViewModel.m */; };
/* End PBXBuildFile section */

/* Begin PBXFileReference section */
		C405DCF91F5D319000CE6638 /* MVVMExamples.app */ = {isa = PBXFileReference; explicitFileType = wrapper.application; includeInIndex = 0; path = MVVMExamples.app; sourceTree = BUILT_PRODUCTS_DIR; };
		C405DCFD1F5D319000CE6638 /* main.m */ = {isa = PBXFileReference; lastKnownFileType = sourcecode.c.objc; path = main.m; sourceTree = "<group>"; };
		C405DCFF1F5D319000CE6638 /* AppDelegate.h */ = {isa = PBXFileReference; lastKnownFileType = sourcecode.c.h; path = AppDelegate.h; sourceTree = "<group>"; };
		C405DD001F5D319000CE6638 /* AppDelegate.m */ = {isa = PBXFileReference; lastKnownFileType = sourcecode.c.objc; path = AppDelegate.m; sourceTree = "<group>"; };
		C405DD061F5D319000CE6638 /* Base */ = {isa = PBXFileReference; lastKnownFileType = file.storyboard; name = Base; path = Base.lproj/Main.storyboard; sourceTree = "<group>"; };
		C405DD081F5D319000CE6638 /* Assets.xcassets */ = {isa = PBXFileReference; lastKnownFileType = folder.assetcatalog; path = Assets.xcassets; sourceTree = "<group>"; };
		C405DD0B1F5D319000CE6638 /* Base */ = {isa = PBXFileReference; lastKnownFileType = file.storyboard; name = Base; path = Base.lproj/LaunchScreen.storyboard; sourceTree = "<group>"; };
		C405DD0D1F5D319000CE6638 /* Info.plist */ = {isa = PBXFileReference; lastKnownFileType = text.plist.xml; path = Info.plist; sourceTree = "<group>"; };
		C405DD1F1F5D339700CE6638 /* Config.h */ = {isa = PBXFileReference; fileEncoding = 4; lastKnownFileType = sourcecode.c.h; path = Config.h; sourceTree = "<group>"; };
		C405DD201F5D339700CE6638 /* MVVM_Prefix.pch */ = {isa = PBXFileReference; fileEncoding = 4; lastKnownFileType = sourcecode.c.h; path = MVVM_Prefix.pch; sourceTree = "<group>"; };
		C405DD241F5D339700CE6638 /* AFHTTPSessionManager.h */ = {isa = PBXFileReference; fileEncoding = 4; lastKnownFileType = sourcecode.c.h; path = AFHTTPSessionManager.h; sourceTree = "<group>"; };
		C405DD251F5D339700CE6638 /* AFHTTPSessionManager.m */ = {isa = PBXFileReference; fileEncoding = 4; lastKnownFileType = sourcecode.c.objc; path = AFHTTPSessionManager.m; sourceTree = "<group>"; };
		C405DD261F5D339700CE6638 /* AFNetworking.h */ = {isa = PBXFileReference; fileEncoding = 4; lastKnownFileType = sourcecode.c.h; path = AFNetworking.h; sourceTree = "<group>"; };
		C405DD271F5D339700CE6638 /* AFNetworkReachabilityManager.h */ = {isa = PBXFileReference; fileEncoding = 4; lastKnownFileType = sourcecode.c.h; path = AFNetworkReachabilityManager.h; sourceTree = "<group>"; };
		C405DD281F5D339700CE6638 /* AFNetworkReachabilityManager.m */ = {isa = PBXFileReference; fileEncoding = 4; lastKnownFileType = sourcecode.c.objc; path = AFNetworkReachabilityManager.m; sourceTree = "<group>"; };
		C405DD291F5D339700CE6638 /* AFSecurityPolicy.h */ = {isa = PBXFileReference; fileEncoding = 4; lastKnownFileType = sourcecode.c.h; path = AFSecurityPolicy.h; sourceTree = "<group>"; };
		C405DD2A1F5D339700CE6638 /* AFSecurityPolicy.m */ = {isa = PBXFileReference; fileEncoding = 4; lastKnownFileType = sourcecode.c.objc; path = AFSecurityPolicy.m; sourceTree = "<group>"; };
		C405DD2B1F5D339700CE6638 /* AFURLRequestSerialization.h */ = {isa = PBXFileReference; fileEncoding = 4; lastKnownFileType = sourcecode.c.h; path = AFURLRequestSerialization.h; sourceTree = "<group>"; };
		C405DD2C1F5D339700CE6638 /* AFURLRequestSerialization.m */ = {isa = PBXFileReference; fileEncoding = 4; lastKnownFileType = sourcecode.c.objc; path = AFURLRequestSerialization.m; sourceTree = "<group>"; };
		C405DD2D1F5D339700CE6638 /* AFURLResponseSerialization.h */ = {isa = PBXFileReference; fileEncoding = 4; lastKnownFileType = sourcecode.c.h; path = AFURLResponseSerialization.h; sourceTree = "<group>"; };
		C405DD2E1F5D339700CE6638 /* AFURLResponseSerialization.m */ = {isa = PBXFileReference; fileEncoding = 4; lastKnownFileType = sourcecode.c.objc; path = AFURLResponseSerialization.m; sourceTree = "<group>"; };
		C405DD2F1F5D339700CE6638 /* AFURLSessionManager.h */ = {isa = PBXFileReference; fileEncoding = 4; lastKnownFileType = sourcecode.c.h; path = AFURLSessionManager.h; sourceTree = "<group>"; };
		C405DD301F5D339700CE6638 /* AFURLSessionManager.m */ = {isa = PBXFileReference; fileEncoding = 4; lastKnownFileType = sourcecode.c.objc; path = AFURLSessionManager.m; sourceTree = "<group>"; };
		C405DD321F5D339700CE6638 /* AFAutoPurgingImageCache.h */ = {isa = PBXFileReference; fileEncoding = 4; lastKnownFileType = sourcecode.c.h; path = AFAutoPurgingImageCache.h; sourceTree = "<group>"; };
		C405DD331F5D339700CE6638 /* AFAutoPurgingImageCache.m */ = {isa = PBXFileReference; fileEncoding = 4; lastKnownFileType = sourcecode.c.objc; path = AFAutoPurgingImageCache.m; sourceTree = "<group>"; };
		C405DD341F5D339700CE6638 /* AFImageDownloader.h */ = {isa = PBXFileReference; fileEncoding = 4; lastKnownFileType = sourcecode.c.h; path = AFImageDownloader.h; sourceTree = "<group>"; };
		C405DD351F5D339700CE6638 /* AFImageDownloader.m */ = {isa = PBXFileReference; fileEncoding = 4; lastKnownFileType = sourcecode.c.objc; path = AFImageDownloader.m; sourceTree = "<group>"; };
		C405DD361F5D339700CE6638 /* AFNetworkActivityIndicatorManager.h */ = {isa = PBXFileReference; fileEncoding = 4; lastKnownFileType = sourcecode.c.h; path = AFNetworkActivityIndicatorManager.h; sourceTree = "<group>"; };
		C405DD371F5D339700CE6638 /* AFNetworkActivityIndicatorManager.m */ = {isa = PBXFileReference; fileEncoding = 4; lastKnownFileType = sourcecode.c.objc; path = AFNetworkActivityIndicatorManager.m; sourceTree = "<group>"; };
		C405DD381F5D339700CE6638 /* UIActivityIndicatorView+AFNetworking.h */ = {isa = PBXFileReference; fileEncoding = 4; lastKnownFileType = sourcecode.c.h; path = "UIActivityIndicatorView+AFNetworking.h"; sourceTree = "<group>"; };
		C405DD391F5D339700CE6638 /* UIActivityIndicatorView+AFNetworking.m */ = {isa = PBXFileReference; fileEncoding = 4; lastKnownFileType = sourcecode.c.objc; path = "UIActivityIndicatorView+AFNetworking.m"; sourceTree = "<group>"; };
		C405DD3A1F5D339700CE6638 /* UIButton+AFNetworking.h */ = {isa = PBXFileReference; fileEncoding = 4; lastKnownFileType = sourcecode.c.h; path = "UIButton+AFNetworking.h"; sourceTree = "<group>"; };
		C405DD3B1F5D339700CE6638 /* UIButton+AFNetworking.m */ = {isa = PBXFileReference; fileEncoding = 4; lastKnownFileType = sourcecode.c.objc; path = "UIButton+AFNetworking.m"; sourceTree = "<group>"; };
		C405DD3C1F5D339700CE6638 /* UIImage+AFNetworking.h */ = {isa = PBXFileReference; fileEncoding = 4; lastKnownFileType = sourcecode.c.h; path = "UIImage+AFNetworking.h"; sourceTree = "<group>"; };
		C405DD3D1F5D339700CE6638 /* UIImageView+AFNetworking.h */ = {isa = PBXFileReference; fileEncoding = 4; lastKnownFileType = sourcecode.c.h; path = "UIImageView+AFNetworking.h"; sourceTree = "<group>"; };
		C405DD3E1F5D339700CE6638 /* UIImageView+AFNetworking.m */ = {isa = PBXFileReference; fileEncoding = 4; lastKnownFileType = sourcecode.c.objc; path = "UIImageView+AFNetworking.m"; sourceTree = "<group>"; };
		C405DD3F1F5D339700CE6638 /* UIKit+AFNetworking.h */ = {isa = PBXFileReference; fileEncoding = 4; lastKnownFileType = sourcecode.c.h; path = "UIKit+AFNetworking.h"; sourceTree = "<group>"; };
		C405DD401F5D339700CE6638 /* UIProgressView+AFNetworking.h */ = {isa = PBXFileReference; fileEncoding = 4; lastKnownFileType = sourcecode.c.h; path = "UIProgressView+AFNetworking.h"; sourceTree = "<group>"; };
		C405DD411F5D339700CE6638 /* UIProgressView+AFNetworking.m */ = {isa = PBXFileReference; fileEncoding = 4; lastKnownFileType = sourcecode.c.objc; path = "UIProgressView+AFNetworking.m"; sourceTree = "<group>"; };
		C405DD421F5D339700CE6638 /* UIRefreshControl+AFNetworking.h */ = {isa = PBXFileReference; fileEncoding = 4; lastKnownFileType = sourcecode.c.h; path = "UIRefreshControl+AFNetworking.h"; sourceTree = "<group>"; };
		C405DD431F5D339700CE6638 /* UIRefreshControl+AFNetworking.m */ = {isa = PBXFileReference; fileEncoding = 4; lastKnownFileType = sourcecode.c.objc; path = "UIRefreshControl+AFNetworking.m"; sourceTree = "<group>"; };
		C405DD441F5D339700CE6638 /* UIWebView+AFNetworking.h */ = {isa = PBXFileReference; fileEncoding = 4; lastKnownFileType = sourcecode.c.h; path = "UIWebView+AFNetworking.h"; sourceTree = "<group>"; };
		C405DD451F5D339700CE6638 /* UIWebView+AFNetworking.m */ = {isa = PBXFileReference; fileEncoding = 4; lastKnownFileType = sourcecode.c.objc; path = "UIWebView+AFNetworking.m"; sourceTree = "<group>"; };
		C405DD471F5D339700CE6638 /* Info.plist */ = {isa = PBXFileReference; fileEncoding = 4; lastKnownFileType = text.plist.xml; path = Info.plist; sourceTree = "<group>"; };
		C405DD481F5D339700CE6638 /* MASCompositeConstraint.h */ = {isa = PBXFileReference; fileEncoding = 4; lastKnownFileType = sourcecode.c.h; path = MASCompositeConstraint.h; sourceTree = "<group>"; };
		C405DD491F5D339700CE6638 /* MASCompositeConstraint.m */ = {isa = PBXFileReference; fileEncoding = 4; lastKnownFileType = sourcecode.c.objc; path = MASCompositeConstraint.m; sourceTree = "<group>"; };
		C405DD4A1F5D339700CE6638 /* MASConstraint+Private.h */ = {isa = PBXFileReference; fileEncoding = 4; lastKnownFileType = sourcecode.c.h; path = "MASConstraint+Private.h"; sourceTree = "<group>"; };
		C405DD4B1F5D339700CE6638 /* MASConstraint.h */ = {isa = PBXFileReference; fileEncoding = 4; lastKnownFileType = sourcecode.c.h; path = MASConstraint.h; sourceTree = "<group>"; };
		C405DD4C1F5D339700CE6638 /* MASConstraint.m */ = {isa = PBXFileReference; fileEncoding = 4; lastKnownFileType = sourcecode.c.objc; path = MASConstraint.m; sourceTree = "<group>"; };
		C405DD4D1F5D339700CE6638 /* MASConstraintMaker.h */ = {isa = PBXFileReference; fileEncoding = 4; lastKnownFileType = sourcecode.c.h; path = MASConstraintMaker.h; sourceTree = "<group>"; };
		C405DD4E1F5D339700CE6638 /* MASConstraintMaker.m */ = {isa = PBXFileReference; fileEncoding = 4; lastKnownFileType = sourcecode.c.objc; path = MASConstraintMaker.m; sourceTree = "<group>"; };
		C405DD4F1F5D339700CE6638 /* MASLayoutConstraint.h */ = {isa = PBXFileReference; fileEncoding = 4; lastKnownFileType = sourcecode.c.h; path = MASLayoutConstraint.h; sourceTree = "<group>"; };
		C405DD501F5D339700CE6638 /* MASLayoutConstraint.m */ = {isa = PBXFileReference; fileEncoding = 4; lastKnownFileType = sourcecode.c.objc; path = MASLayoutConstraint.m; sourceTree = "<group>"; };
		C405DD511F5D339700CE6638 /* Masonry.h */ = {isa = PBXFileReference; fileEncoding = 4; lastKnownFileType = sourcecode.c.h; path = Masonry.h; sourceTree = "<group>"; };
		C405DD521F5D339700CE6638 /* MASUtilities.h */ = {isa = PBXFileReference; fileEncoding = 4; lastKnownFileType = sourcecode.c.h; path = MASUtilities.h; sourceTree = "<group>"; };
		C405DD531F5D339700CE6638 /* MASViewAttribute.h */ = {isa = PBXFileReference; fileEncoding = 4; lastKnownFileType = sourcecode.c.h; path = MASViewAttribute.h; sourceTree = "<group>"; };
		C405DD541F5D339700CE6638 /* MASViewAttribute.m */ = {isa = PBXFileReference; fileEncoding = 4; lastKnownFileType = sourcecode.c.objc; path = MASViewAttribute.m; sourceTree = "<group>"; };
		C405DD551F5D339700CE6638 /* MASViewConstraint.h */ = {isa = PBXFileReference; fileEncoding = 4; lastKnownFileType = sourcecode.c.h; path = MASViewConstraint.h; sourceTree = "<group>"; };
		C405DD561F5D339700CE6638 /* MASViewConstraint.m */ = {isa = PBXFileReference; fileEncoding = 4; lastKnownFileType = sourcecode.c.objc; path = MASViewConstraint.m; sourceTree = "<group>"; };
		C405DD571F5D339700CE6638 /* NSArray+MASAdditions.h */ = {isa = PBXFileReference; fileEncoding = 4; lastKnownFileType = sourcecode.c.h; path = "NSArray+MASAdditions.h"; sourceTree = "<group>"; };
		C405DD581F5D339700CE6638 /* NSArray+MASAdditions.m */ = {isa = PBXFileReference; fileEncoding = 4; lastKnownFileType = sourcecode.c.objc; path = "NSArray+MASAdditions.m"; sourceTree = "<group>"; };
		C405DD591F5D339700CE6638 /* NSArray+MASShorthandAdditions.h */ = {isa = PBXFileReference; fileEncoding = 4; lastKnownFileType = sourcecode.c.h; path = "NSArray+MASShorthandAdditions.h"; sourceTree = "<group>"; };
		C405DD5A1F5D339700CE6638 /* NSLayoutConstraint+MASDebugAdditions.h */ = {isa = PBXFileReference; fileEncoding = 4; lastKnownFileType = sourcecode.c.h; path = "NSLayoutConstraint+MASDebugAdditions.h"; sourceTree = "<group>"; };
		C405DD5B1F5D339700CE6638 /* NSLayoutConstraint+MASDebugAdditions.m */ = {isa = PBXFileReference; fileEncoding = 4; lastKnownFileType = sourcecode.c.objc; path = "NSLayoutConstraint+MASDebugAdditions.m"; sourceTree = "<group>"; };
		C405DD5C1F5D339700CE6638 /* View+MASAdditions.h */ = {isa = PBXFileReference; fileEncoding = 4; lastKnownFileType = sourcecode.c.h; path = "View+MASAdditions.h"; sourceTree = "<group>"; };
		C405DD5D1F5D339700CE6638 /* View+MASAdditions.m */ = {isa = PBXFileReference; fileEncoding = 4; lastKnownFileType = sourcecode.c.objc; path = "View+MASAdditions.m"; sourceTree = "<group>"; };
		C405DD5E1F5D339700CE6638 /* View+MASShorthandAdditions.h */ = {isa = PBXFileReference; fileEncoding = 4; lastKnownFileType = sourcecode.c.h; path = "View+MASShorthandAdditions.h"; sourceTree = "<group>"; };
		C405DD5F1F5D339700CE6638 /* ViewController+MASAdditions.h */ = {isa = PBXFileReference; fileEncoding = 4; lastKnownFileType = sourcecode.c.h; path = "ViewController+MASAdditions.h"; sourceTree = "<group>"; };
		C405DD601F5D339700CE6638 /* ViewController+MASAdditions.m */ = {isa = PBXFileReference; fileEncoding = 4; lastKnownFileType = sourcecode.c.objc; path = "ViewController+MASAdditions.m"; sourceTree = "<group>"; };
		C405DD621F5D339700CE6638 /* MKAnnotationView+WebCache.h */ = {isa = PBXFileReference; fileEncoding = 4; lastKnownFileType = sourcecode.c.h; path = "MKAnnotationView+WebCache.h"; sourceTree = "<group>"; };
		C405DD631F5D339700CE6638 /* MKAnnotationView+WebCache.m */ = {isa = PBXFileReference; fileEncoding = 4; lastKnownFileType = sourcecode.c.objc; path = "MKAnnotationView+WebCache.m"; sourceTree = "<group>"; };
		C405DD641F5D339700CE6638 /* NSData+ImageContentType.h */ = {isa = PBXFileReference; fileEncoding = 4; lastKnownFileType = sourcecode.c.h; path = "NSData+ImageContentType.h"; sourceTree = "<group>"; };
		C405DD651F5D339700CE6638 /* NSData+ImageContentType.m */ = {isa = PBXFileReference; fileEncoding = 4; lastKnownFileType = sourcecode.c.objc; path = "NSData+ImageContentType.m"; sourceTree = "<group>"; };
		C405DD661F5D339700CE6638 /* NSImage+WebCache.h */ = {isa = PBXFileReference; fileEncoding = 4; lastKnownFileType = sourcecode.c.h; path = "NSImage+WebCache.h"; sourceTree = "<group>"; };
		C405DD671F5D339700CE6638 /* NSImage+WebCache.m */ = {isa = PBXFileReference; fileEncoding = 4; lastKnownFileType = sourcecode.c.objc; path = "NSImage+WebCache.m"; sourceTree = "<group>"; };
		C405DD681F5D339700CE6638 /* SDImageCache.h */ = {isa = PBXFileReference; fileEncoding = 4; lastKnownFileType = sourcecode.c.h; path = SDImageCache.h; sourceTree = "<group>"; };
		C405DD691F5D339700CE6638 /* SDImageCache.m */ = {isa = PBXFileReference; fileEncoding = 4; lastKnownFileType = sourcecode.c.objc; path = SDImageCache.m; sourceTree = "<group>"; };
		C405DD6A1F5D339700CE6638 /* SDImageCacheConfig.h */ = {isa = PBXFileReference; fileEncoding = 4; lastKnownFileType = sourcecode.c.h; path = SDImageCacheConfig.h; sourceTree = "<group>"; };
		C405DD6B1F5D339700CE6638 /* SDImageCacheConfig.m */ = {isa = PBXFileReference; fileEncoding = 4; lastKnownFileType = sourcecode.c.objc; path = SDImageCacheConfig.m; sourceTree = "<group>"; };
		C405DD6C1F5D339700CE6638 /* SDWebImageCompat.h */ = {isa = PBXFileReference; fileEncoding = 4; lastKnownFileType = sourcecode.c.h; path = SDWebImageCompat.h; sourceTree = "<group>"; };
		C405DD6D1F5D339700CE6638 /* SDWebImageCompat.m */ = {isa = PBXFileReference; fileEncoding = 4; lastKnownFileType = sourcecode.c.objc; path = SDWebImageCompat.m; sourceTree = "<group>"; };
		C405DD6E1F5D339700CE6638 /* SDWebImageDecoder.h */ = {isa = PBXFileReference; fileEncoding = 4; lastKnownFileType = sourcecode.c.h; path = SDWebImageDecoder.h; sourceTree = "<group>"; };
		C405DD6F1F5D339700CE6638 /* SDWebImageDecoder.m */ = {isa = PBXFileReference; fileEncoding = 4; lastKnownFileType = sourcecode.c.objc; path = SDWebImageDecoder.m; sourceTree = "<group>"; };
		C405DD701F5D339700CE6638 /* SDWebImageDownloader.h */ = {isa = PBXFileReference; fileEncoding = 4; lastKnownFileType = sourcecode.c.h; path = SDWebImageDownloader.h; sourceTree = "<group>"; };
		C405DD711F5D339700CE6638 /* SDWebImageDownloader.m */ = {isa = PBXFileReference; fileEncoding = 4; lastKnownFileType = sourcecode.c.objc; path = SDWebImageDownloader.m; sourceTree = "<group>"; };
		C405DD721F5D339700CE6638 /* SDWebImageDownloaderOperation.h */ = {isa = PBXFileReference; fileEncoding = 4; lastKnownFileType = sourcecode.c.h; path = SDWebImageDownloaderOperation.h; sourceTree = "<group>"; };
		C405DD731F5D339700CE6638 /* SDWebImageDownloaderOperation.m */ = {isa = PBXFileReference; fileEncoding = 4; lastKnownFileType = sourcecode.c.objc; path = SDWebImageDownloaderOperation.m; sourceTree = "<group>"; };
		C405DD741F5D339700CE6638 /* SDWebImageManager.h */ = {isa = PBXFileReference; fileEncoding = 4; lastKnownFileType = sourcecode.c.h; path = SDWebImageManager.h; sourceTree = "<group>"; };
		C405DD751F5D339700CE6638 /* SDWebImageManager.m */ = {isa = PBXFileReference; fileEncoding = 4; lastKnownFileType = sourcecode.c.objc; path = SDWebImageManager.m; sourceTree = "<group>"; };
		C405DD761F5D339700CE6638 /* SDWebImageOperation.h */ = {isa = PBXFileReference; fileEncoding = 4; lastKnownFileType = sourcecode.c.h; path = SDWebImageOperation.h; sourceTree = "<group>"; };
		C405DD771F5D339700CE6638 /* SDWebImagePrefetcher.h */ = {isa = PBXFileReference; fileEncoding = 4; lastKnownFileType = sourcecode.c.h; path = SDWebImagePrefetcher.h; sourceTree = "<group>"; };
		C405DD781F5D339700CE6638 /* SDWebImagePrefetcher.m */ = {isa = PBXFileReference; fileEncoding = 4; lastKnownFileType = sourcecode.c.objc; path = SDWebImagePrefetcher.m; sourceTree = "<group>"; };
		C405DD791F5D339700CE6638 /* UIButton+WebCache.h */ = {isa = PBXFileReference; fileEncoding = 4; lastKnownFileType = sourcecode.c.h; path = "UIButton+WebCache.h"; sourceTree = "<group>"; };
		C405DD7A1F5D339700CE6638 /* UIButton+WebCache.m */ = {isa = PBXFileReference; fileEncoding = 4; lastKnownFileType = sourcecode.c.objc; path = "UIButton+WebCache.m"; sourceTree = "<group>"; };
		C405DD7B1F5D339700CE6638 /* UIImage+GIF.h */ = {isa = PBXFileReference; fileEncoding = 4; lastKnownFileType = sourcecode.c.h; path = "UIImage+GIF.h"; sourceTree = "<group>"; };
		C405DD7C1F5D339700CE6638 /* UIImage+GIF.m */ = {isa = PBXFileReference; fileEncoding = 4; lastKnownFileType = sourcecode.c.objc; path = "UIImage+GIF.m"; sourceTree = "<group>"; };
		C405DD7D1F5D339700CE6638 /* UIImage+MultiFormat.h */ = {isa = PBXFileReference; fileEncoding = 4; lastKnownFileType = sourcecode.c.h; path = "UIImage+MultiFormat.h"; sourceTree = "<group>"; };
		C405DD7E1F5D339700CE6638 /* UIImage+MultiFormat.m */ = {isa = PBXFileReference; fileEncoding = 4; lastKnownFileType = sourcecode.c.objc; path = "UIImage+MultiFormat.m"; sourceTree = "<group>"; };
		C405DD7F1F5D339700CE6638 /* UIImage+WebP.h */ = {isa = PBXFileReference; fileEncoding = 4; lastKnownFileType = sourcecode.c.h; path = "UIImage+WebP.h"; sourceTree = "<group>"; };
		C405DD801F5D339700CE6638 /* UIImage+WebP.m */ = {isa = PBXFileReference; fileEncoding = 4; lastKnownFileType = sourcecode.c.objc; path = "UIImage+WebP.m"; sourceTree = "<group>"; };
		C405DD811F5D339700CE6638 /* UIImageView+HighlightedWebCache.h */ = {isa = PBXFileReference; fileEncoding = 4; lastKnownFileType = sourcecode.c.h; path = "UIImageView+HighlightedWebCache.h"; sourceTree = "<group>"; };
		C405DD821F5D339700CE6638 /* UIImageView+HighlightedWebCache.m */ = {isa = PBXFileReference; fileEncoding = 4; lastKnownFileType = sourcecode.c.objc; path = "UIImageView+HighlightedWebCache.m"; sourceTree = "<group>"; };
		C405DD831F5D339700CE6638 /* UIImageView+WebCache.h */ = {isa = PBXFileReference; fileEncoding = 4; lastKnownFileType = sourcecode.c.h; path = "UIImageView+WebCache.h"; sourceTree = "<group>"; };
		C405DD841F5D339700CE6638 /* UIImageView+WebCache.m */ = {isa = PBXFileReference; fileEncoding = 4; lastKnownFileType = sourcecode.c.objc; path = "UIImageView+WebCache.m"; sourceTree = "<group>"; };
		C405DD851F5D339700CE6638 /* UIView+WebCache.h */ = {isa = PBXFileReference; fileEncoding = 4; lastKnownFileType = sourcecode.c.h; path = "UIView+WebCache.h"; sourceTree = "<group>"; };
		C405DD861F5D339700CE6638 /* UIView+WebCache.m */ = {isa = PBXFileReference; fileEncoding = 4; lastKnownFileType = sourcecode.c.objc; path = "UIView+WebCache.m"; sourceTree = "<group>"; };
		C405DD871F5D339700CE6638 /* UIView+WebCacheOperation.h */ = {isa = PBXFileReference; fileEncoding = 4; lastKnownFileType = sourcecode.c.h; path = "UIView+WebCacheOperation.h"; sourceTree = "<group>"; };
		C405DD881F5D339700CE6638 /* UIView+WebCacheOperation.m */ = {isa = PBXFileReference; fileEncoding = 4; lastKnownFileType = sourcecode.c.objc; path = "UIView+WebCacheOperation.m"; sourceTree = "<group>"; };
		C405DD8A1F5D339700CE6638 /* NetRequestWork.h */ = {isa = PBXFileReference; fileEncoding = 4; lastKnownFileType = sourcecode.c.h; path = NetRequestWork.h; sourceTree = "<group>"; };
		C405DD8B1F5D339700CE6638 /* NetRequestWork.m */ = {isa = PBXFileReference; fileEncoding = 4; lastKnownFileType = sourcecode.c.objc; path = NetRequestWork.m; sourceTree = "<group>"; };
		C405DD8D1F5D339700CE6638 /* waitnews.png */ = {isa = PBXFileReference; lastKnownFileType = image.png; path = waitnews.png; sourceTree = "<group>"; };
		C405DD8E1F5D339700CE6638 /* waitnews@2x.png */ = {isa = PBXFileReference; lastKnownFileType = image.png; path = "waitnews@2x.png"; sourceTree = "<group>"; };
		C405DD8F1F5D339700CE6638 /* waitnews@3x.png */ = {isa = PBXFileReference; lastKnownFileType = image.png; path = "waitnews@3x.png"; sourceTree = "<group>"; };
		C405DD911F5D339700CE6638 /* UILabel+configure.h */ = {isa = PBXFileReference; fileEncoding = 4; lastKnownFileType = sourcecode.c.h; path = "UILabel+configure.h"; sourceTree = "<group>"; };
		C405DD921F5D339700CE6638 /* UILabel+configure.m */ = {isa = PBXFileReference; fileEncoding = 4; lastKnownFileType = sourcecode.c.objc; path = "UILabel+configure.m"; sourceTree = "<group>"; };
		C405DD971F5D339700CE6638 /* ListViewController.h */ = {isa = PBXFileReference; fileEncoding = 4; lastKnownFileType = sourcecode.c.h; path = ListViewController.h; sourceTree = "<group>"; };
		C405DD981F5D339700CE6638 /* ListViewController.m */ = {isa = PBXFileReference; fileEncoding = 4; lastKnownFileType = sourcecode.c.objc; path = ListViewController.m; sourceTree = "<group>"; };
		C405DD9A1F5D339700CE6638 /* HeaderModel.h */ = {isa = PBXFileReference; fileEncoding = 4; lastKnownFileType = sourcecode.c.h; path = HeaderModel.h; sourceTree = "<group>"; };
		C405DD9B1F5D339700CE6638 /* HeaderModel.m */ = {isa = PBXFileReference; fileEncoding = 4; lastKnownFileType = sourcecode.c.objc; path = HeaderModel.m; sourceTree = "<group>"; };
		C405DD9D1F5D339700CE6638 /* NewTableViewCell.h */ = {isa = PBXFileReference; fileEncoding = 4; lastKnownFileType = sourcecode.c.h; path = NewTableViewCell.h; sourceTree = "<group>"; };
		C405DD9E1F5D339700CE6638 /* NewTableViewCell.m */ = {isa = PBXFileReference; fileEncoding = 4; lastKnownFileType = sourcecode.c.objc; path = NewTableViewCell.m; sourceTree = "<group>"; };
		C405DD9F1F5D339700CE6638 /* WebDetailViewController.h */ = {isa = PBXFileReference; fileEncoding = 4; lastKnownFileType = sourcecode.c.h; path = WebDetailViewController.h; sourceTree = "<group>"; };
		C405DDA01F5D339700CE6638 /* WebDetailViewController.m */ = {isa = PBXFileReference; fileEncoding = 4; lastKnownFileType = sourcecode.c.objc; path = WebDetailViewController.m; sourceTree = "<group>"; };
		C405DDA21F5D339700CE6638 /* listViewModel.h */ = {isa = PBXFileReference; fileEncoding = 4; lastKnownFileType = sourcecode.c.h; path = listViewModel.h; sourceTree = "<group>"; };
		C405DDA31F5D339700CE6638 /* listViewModel.m */ = {isa = PBXFileReference; fileEncoding = 4; lastKnownFileType = sourcecode.c.objc; path = listViewModel.m; sourceTree = "<group>"; };
		C405DDA41F5D339700CE6638 /* SuperViewModel.h */ = {isa = PBXFileReference; fileEncoding = 4; lastKnownFileType = sourcecode.c.h; path = SuperViewModel.h; sourceTree = "<group>"; };
		C405DDA51F5D339700CE6638 /* SuperViewModel.m */ = {isa = PBXFileReference; fileEncoding = 4; lastKnownFileType = sourcecode.c.objc; path = SuperViewModel.m; sourceTree = "<group>"; };
/* End PBXFileReference section */

/* Begin PBXFrameworksBuildPhase section */
		C405DCF61F5D319000CE6638 /* Frameworks */ = {
			isa = PBXFrameworksBuildPhase;
			buildActionMask = 2147483647;
			files = (
			);
			runOnlyForDeploymentPostprocessing = 0;
		};
/* End PBXFrameworksBuildPhase section */

/* Begin PBXGroup section */
		C405DCF01F5D319000CE6638 = {
			isa = PBXGroup;
			children = (
				C405DCFB1F5D319000CE6638 /* MVVMExamples */,
				C405DCFA1F5D319000CE6638 /* Products */,
			);
			sourceTree = "<group>";
		};
		C405DCFA1F5D319000CE6638 /* Products */ = {
			isa = PBXGroup;
			children = (
				C405DCF91F5D319000CE6638 /* MVVMExamples.app */,
			);
			name = Products;
			sourceTree = "<group>";
		};
		C405DCFB1F5D319000CE6638 /* MVVMExamples */ = {
			isa = PBXGroup;
			children = (
				C405DD1E1F5D339700CE6638 /* Config */,
				C405DD211F5D339700CE6638 /* Lib */,
				C405DD891F5D339700CE6638 /* Request */,
				C405DD8C1F5D339700CE6638 /* Resorce */,
				C405DD901F5D339700CE6638 /* Tools */,
				C405DD931F5D339700CE6638 /* UnitiFour */,
				C405DD941F5D339700CE6638 /* UnitiOne */,
				C405DDA61F5D339700CE6638 /* UnitiThreen */,
				C405DDA71F5D339700CE6638 /* UnitiTwo */,
				C405DCFF1F5D319000CE6638 /* AppDelegate.h */,
				C405DD001F5D319000CE6638 /* AppDelegate.m */,
				C405DD051F5D319000CE6638 /* Main.storyboard */,
				C405DD081F5D319000CE6638 /* Assets.xcassets */,
				C405DD0A1F5D319000CE6638 /* LaunchScreen.storyboard */,
				C405DD0D1F5D319000CE6638 /* Info.plist */,
				C405DCFC1F5D319000CE6638 /* Supporting Files */,
			);
			path = MVVMExamples;
			sourceTree = "<group>";
		};
		C405DCFC1F5D319000CE6638 /* Supporting Files */ = {
			isa = PBXGroup;
			children = (
				C405DCFD1F5D319000CE6638 /* main.m */,
			);
			name = "Supporting Files";
			sourceTree = "<group>";
		};
		C405DD1E1F5D339700CE6638 /* Config */ = {
			isa = PBXGroup;
			children = (
				C405DD1F1F5D339700CE6638 /* Config.h */,
				C405DD201F5D339700CE6638 /* MVVM_Prefix.pch */,
			);
			path = Config;
			sourceTree = "<group>";
		};
		C405DD211F5D339700CE6638 /* Lib */ = {
			isa = PBXGroup;
			children = (
				C405DD221F5D339700CE6638 /* AFNetworking */,
				C405DD461F5D339700CE6638 /* Masonry */,
				C405DD611F5D339700CE6638 /* SDWebImage */,
			);
			path = Lib;
			sourceTree = "<group>";
		};
		C405DD221F5D339700CE6638 /* AFNetworking */ = {
			isa = PBXGroup;
			children = (
				C405DD231F5D339700CE6638 /* AFNetworking */,
				C405DD311F5D339700CE6638 /* UIKit+AFNetworking */,
			);
			path = AFNetworking;
			sourceTree = "<group>";
		};
		C405DD231F5D339700CE6638 /* AFNetworking */ = {
			isa = PBXGroup;
			children = (
				C405DD241F5D339700CE6638 /* AFHTTPSessionManager.h */,
				C405DD251F5D339700CE6638 /* AFHTTPSessionManager.m */,
				C405DD261F5D339700CE6638 /* AFNetworking.h */,
				C405DD271F5D339700CE6638 /* AFNetworkReachabilityManager.h */,
				C405DD281F5D339700CE6638 /* AFNetworkReachabilityManager.m */,
				C405DD291F5D339700CE6638 /* AFSecurityPolicy.h */,
				C405DD2A1F5D339700CE6638 /* AFSecurityPolicy.m */,
				C405DD2B1F5D339700CE6638 /* AFURLRequestSerialization.h */,
				C405DD2C1F5D339700CE6638 /* AFURLRequestSerialization.m */,
				C405DD2D1F5D339700CE6638 /* AFURLResponseSerialization.h */,
				C405DD2E1F5D339700CE6638 /* AFURLResponseSerialization.m */,
				C405DD2F1F5D339700CE6638 /* AFURLSessionManager.h */,
				C405DD301F5D339700CE6638 /* AFURLSessionManager.m */,
			);
			path = AFNetworking;
			sourceTree = "<group>";
		};
		C405DD311F5D339700CE6638 /* UIKit+AFNetworking */ = {
			isa = PBXGroup;
			children = (
				C405DD321F5D339700CE6638 /* AFAutoPurgingImageCache.h */,
				C405DD331F5D339700CE6638 /* AFAutoPurgingImageCache.m */,
				C405DD341F5D339700CE6638 /* AFImageDownloader.h */,
				C405DD351F5D339700CE6638 /* AFImageDownloader.m */,
				C405DD361F5D339700CE6638 /* AFNetworkActivityIndicatorManager.h */,
				C405DD371F5D339700CE6638 /* AFNetworkActivityIndicatorManager.m */,
				C405DD381F5D339700CE6638 /* UIActivityIndicatorView+AFNetworking.h */,
				C405DD391F5D339700CE6638 /* UIActivityIndicatorView+AFNetworking.m */,
				C405DD3A1F5D339700CE6638 /* UIButton+AFNetworking.h */,
				C405DD3B1F5D339700CE6638 /* UIButton+AFNetworking.m */,
				C405DD3C1F5D339700CE6638 /* UIImage+AFNetworking.h */,
				C405DD3D1F5D339700CE6638 /* UIImageView+AFNetworking.h */,
				C405DD3E1F5D339700CE6638 /* UIImageView+AFNetworking.m */,
				C405DD3F1F5D339700CE6638 /* UIKit+AFNetworking.h */,
				C405DD401F5D339700CE6638 /* UIProgressView+AFNetworking.h */,
				C405DD411F5D339700CE6638 /* UIProgressView+AFNetworking.m */,
				C405DD421F5D339700CE6638 /* UIRefreshControl+AFNetworking.h */,
				C405DD431F5D339700CE6638 /* UIRefreshControl+AFNetworking.m */,
				C405DD441F5D339700CE6638 /* UIWebView+AFNetworking.h */,
				C405DD451F5D339700CE6638 /* UIWebView+AFNetworking.m */,
			);
			path = "UIKit+AFNetworking";
			sourceTree = "<group>";
		};
		C405DD461F5D339700CE6638 /* Masonry */ = {
			isa = PBXGroup;
			children = (
				C405DD471F5D339700CE6638 /* Info.plist */,
				C405DD481F5D339700CE6638 /* MASCompositeConstraint.h */,
				C405DD491F5D339700CE6638 /* MASCompositeConstraint.m */,
				C405DD4A1F5D339700CE6638 /* MASConstraint+Private.h */,
				C405DD4B1F5D339700CE6638 /* MASConstraint.h */,
				C405DD4C1F5D339700CE6638 /* MASConstraint.m */,
				C405DD4D1F5D339700CE6638 /* MASConstraintMaker.h */,
				C405DD4E1F5D339700CE6638 /* MASConstraintMaker.m */,
				C405DD4F1F5D339700CE6638 /* MASLayoutConstraint.h */,
				C405DD501F5D339700CE6638 /* MASLayoutConstraint.m */,
				C405DD511F5D339700CE6638 /* Masonry.h */,
				C405DD521F5D339700CE6638 /* MASUtilities.h */,
				C405DD531F5D339700CE6638 /* MASViewAttribute.h */,
				C405DD541F5D339700CE6638 /* MASViewAttribute.m */,
				C405DD551F5D339700CE6638 /* MASViewConstraint.h */,
				C405DD561F5D339700CE6638 /* MASViewConstraint.m */,
				C405DD571F5D339700CE6638 /* NSArray+MASAdditions.h */,
				C405DD581F5D339700CE6638 /* NSArray+MASAdditions.m */,
				C405DD591F5D339700CE6638 /* NSArray+MASShorthandAdditions.h */,
				C405DD5A1F5D339700CE6638 /* NSLayoutConstraint+MASDebugAdditions.h */,
				C405DD5B1F5D339700CE6638 /* NSLayoutConstraint+MASDebugAdditions.m */,
				C405DD5C1F5D339700CE6638 /* View+MASAdditions.h */,
				C405DD5D1F5D339700CE6638 /* View+MASAdditions.m */,
				C405DD5E1F5D339700CE6638 /* View+MASShorthandAdditions.h */,
				C405DD5F1F5D339700CE6638 /* ViewController+MASAdditions.h */,
				C405DD601F5D339700CE6638 /* ViewController+MASAdditions.m */,
			);
			path = Masonry;
			sourceTree = "<group>";
		};
		C405DD611F5D339700CE6638 /* SDWebImage */ = {
			isa = PBXGroup;
			children = (
				C405DD621F5D339700CE6638 /* MKAnnotationView+WebCache.h */,
				C405DD631F5D339700CE6638 /* MKAnnotationView+WebCache.m */,
				C405DD641F5D339700CE6638 /* NSData+ImageContentType.h */,
				C405DD651F5D339700CE6638 /* NSData+ImageContentType.m */,
				C405DD661F5D339700CE6638 /* NSImage+WebCache.h */,
				C405DD671F5D339700CE6638 /* NSImage+WebCache.m */,
				C405DD681F5D339700CE6638 /* SDImageCache.h */,
				C405DD691F5D339700CE6638 /* SDImageCache.m */,
				C405DD6A1F5D339700CE6638 /* SDImageCacheConfig.h */,
				C405DD6B1F5D339700CE6638 /* SDImageCacheConfig.m */,
				C405DD6C1F5D339700CE6638 /* SDWebImageCompat.h */,
				C405DD6D1F5D339700CE6638 /* SDWebImageCompat.m */,
				C405DD6E1F5D339700CE6638 /* SDWebImageDecoder.h */,
				C405DD6F1F5D339700CE6638 /* SDWebImageDecoder.m */,
				C405DD701F5D339700CE6638 /* SDWebImageDownloader.h */,
				C405DD711F5D339700CE6638 /* SDWebImageDownloader.m */,
				C405DD721F5D339700CE6638 /* SDWebImageDownloaderOperation.h */,
				C405DD731F5D339700CE6638 /* SDWebImageDownloaderOperation.m */,
				C405DD741F5D339700CE6638 /* SDWebImageManager.h */,
				C405DD751F5D339700CE6638 /* SDWebImageManager.m */,
				C405DD761F5D339700CE6638 /* SDWebImageOperation.h */,
				C405DD771F5D339700CE6638 /* SDWebImagePrefetcher.h */,
				C405DD781F5D339700CE6638 /* SDWebImagePrefetcher.m */,
				C405DD791F5D339700CE6638 /* UIButton+WebCache.h */,
				C405DD7A1F5D339700CE6638 /* UIButton+WebCache.m */,
				C405DD7B1F5D339700CE6638 /* UIImage+GIF.h */,
				C405DD7C1F5D339700CE6638 /* UIImage+GIF.m */,
				C405DD7D1F5D339700CE6638 /* UIImage+MultiFormat.h */,
				C405DD7E1F5D339700CE6638 /* UIImage+MultiFormat.m */,
				C405DD7F1F5D339700CE6638 /* UIImage+WebP.h */,
				C405DD801F5D339700CE6638 /* UIImage+WebP.m */,
				C405DD811F5D339700CE6638 /* UIImageView+HighlightedWebCache.h */,
				C405DD821F5D339700CE6638 /* UIImageView+HighlightedWebCache.m */,
				C405DD831F5D339700CE6638 /* UIImageView+WebCache.h */,
				C405DD841F5D339700CE6638 /* UIImageView+WebCache.m */,
				C405DD851F5D339700CE6638 /* UIView+WebCache.h */,
				C405DD861F5D339700CE6638 /* UIView+WebCache.m */,
				C405DD871F5D339700CE6638 /* UIView+WebCacheOperation.h */,
				C405DD881F5D339700CE6638 /* UIView+WebCacheOperation.m */,
			);
			path = SDWebImage;
			sourceTree = "<group>";
		};
		C405DD891F5D339700CE6638 /* Request */ = {
			isa = PBXGroup;
			children = (
				C405DD8A1F5D339700CE6638 /* NetRequestWork.h */,
				C405DD8B1F5D339700CE6638 /* NetRequestWork.m */,
			);
			path = Request;
			sourceTree = "<group>";
		};
		C405DD8C1F5D339700CE6638 /* Resorce */ = {
			isa = PBXGroup;
			children = (
				C405DD8D1F5D339700CE6638 /* waitnews.png */,
				C405DD8E1F5D339700CE6638 /* waitnews@2x.png */,
				C405DD8F1F5D339700CE6638 /* waitnews@3x.png */,
			);
			path = Resorce;
			sourceTree = "<group>";
		};
		C405DD901F5D339700CE6638 /* Tools */ = {
			isa = PBXGroup;
			children = (
				C405DD911F5D339700CE6638 /* UILabel+configure.h */,
				C405DD921F5D339700CE6638 /* UILabel+configure.m */,
			);
			path = Tools;
			sourceTree = "<group>";
		};
		C405DD931F5D339700CE6638 /* UnitiFour */ = {
			isa = PBXGroup;
			children = (
			);
			path = UnitiFour;
			sourceTree = "<group>";
		};
		C405DD941F5D339700CE6638 /* UnitiOne */ = {
			isa = PBXGroup;
			children = (
				C405DD951F5D339700CE6638 /* Model */,
				C405DD961F5D339700CE6638 /* ViewController */,
				C405DDA11F5D339700CE6638 /* ViewModel */,
			);
			path = UnitiOne;
			sourceTree = "<group>";
		};
		C405DD951F5D339700CE6638 /* Model */ = {
			isa = PBXGroup;
			children = (
			);
			path = Model;
			sourceTree = "<group>";
		};
		C405DD961F5D339700CE6638 /* ViewController */ = {
			isa = PBXGroup;
			children = (
				C405DD971F5D339700CE6638 /* ListViewController.h */,
				C405DD981F5D339700CE6638 /* ListViewController.m */,
				C405DD991F5D339700CE6638 /* Model */,
				C405DD9C1F5D339700CE6638 /* View */,
				C405DD9F1F5D339700CE6638 /* WebDetailViewController.h */,
				C405DDA01F5D339700CE6638 /* WebDetailViewController.m */,
			);
			path = ViewController;
			sourceTree = "<group>";
		};
		C405DD991F5D339700CE6638 /* Model */ = {
			isa = PBXGroup;
			children = (
				C405DD9A1F5D339700CE6638 /* HeaderModel.h */,
				C405DD9B1F5D339700CE6638 /* HeaderModel.m */,
			);
			path = Model;
			sourceTree = "<group>";
		};
		C405DD9C1F5D339700CE6638 /* View */ = {
			isa = PBXGroup;
			children = (
				C405DD9D1F5D339700CE6638 /* NewTableViewCell.h */,
				C405DD9E1F5D339700CE6638 /* NewTableViewCell.m */,
			);
			path = View;
			sourceTree = "<group>";
		};
		C405DDA11F5D339700CE6638 /* ViewModel */ = {
			isa = PBXGroup;
			children = (
				C405DDA21F5D339700CE6638 /* listViewModel.h */,
				C405DDA31F5D339700CE6638 /* listViewModel.m */,
				C405DDA41F5D339700CE6638 /* SuperViewModel.h */,
				C405DDA51F5D339700CE6638 /* SuperViewModel.m */,
			);
			path = ViewModel;
			sourceTree = "<group>";
		};
		C405DDA61F5D339700CE6638 /* UnitiThreen */ = {
			isa = PBXGroup;
			children = (
			);
			path = UnitiThreen;
			sourceTree = "<group>";
		};
		C405DDA71F5D339700CE6638 /* UnitiTwo */ = {
			isa = PBXGroup;
			children = (
			);
			path = UnitiTwo;
			sourceTree = "<group>";
		};
/* End PBXGroup section */

/* Begin PBXNativeTarget section */
		C405DCF81F5D319000CE6638 /* MVVMExamples */ = {
			isa = PBXNativeTarget;
			buildConfigurationList = C405DD101F5D319000CE6638 /* Build configuration list for PBXNativeTarget "MVVMExamples" */;
			buildPhases = (
				C405DCF51F5D319000CE6638 /* Sources */,
				C405DCF61F5D319000CE6638 /* Frameworks */,
				C405DCF71F5D319000CE6638 /* Resources */,
			);
			buildRules = (
			);
			dependencies = (
			);
			name = MVVMExamples;
			productName = MVVMExamples;
			productReference = C405DCF91F5D319000CE6638 /* MVVMExamples.app */;
			productType = "com.apple.product-type.application";
		};
/* End PBXNativeTarget section */

/* Begin PBXProject section */
		C405DCF11F5D319000CE6638 /* Project object */ = {
			isa = PBXProject;
			attributes = {
				LastUpgradeCheck = 0830;
				ORGANIZATIONNAME = hero;
				TargetAttributes = {
					C405DCF81F5D319000CE6638 = {
						CreatedOnToolsVersion = 8.3.3;
						DevelopmentTeam = CT53GSRHXS;
						ProvisioningStyle = Automatic;
					};
				};
			};
			buildConfigurationList = C405DCF41F5D319000CE6638 /* Build configuration list for PBXProject "MVVMExamples" */;
			compatibilityVersion = "Xcode 3.2";
			developmentRegion = English;
			hasScannedForEncodings = 0;
			knownRegions = (
				en,
				Base,
			);
			mainGroup = C405DCF01F5D319000CE6638;
			productRefGroup = C405DCFA1F5D319000CE6638 /* Products */;
			projectDirPath = "";
			projectRoot = "";
			targets = (
				C405DCF81F5D319000CE6638 /* MVVMExamples */,
			);
		};
/* End PBXProject section */

/* Begin PBXResourcesBuildPhase section */
		C405DCF71F5D319000CE6638 /* Resources */ = {
			isa = PBXResourcesBuildPhase;
			buildActionMask = 2147483647;
			files = (
				C405DDD71F5D339700CE6638 /* waitnews@2x.png in Resources */,
				C405DDD61F5D339700CE6638 /* waitnews.png in Resources */,
				C405DDD81F5D339700CE6638 /* waitnews@3x.png in Resources */,
				C405DDB71F5D339700CE6638 /* Info.plist in Resources */,
				C405DD0C1F5D319000CE6638 /* LaunchScreen.storyboard in Resources */,
				C405DD091F5D319000CE6638 /* Assets.xcassets in Resources */,
				C405DD071F5D319000CE6638 /* Main.storyboard in Resources */,
			);
			runOnlyForDeploymentPostprocessing = 0;
		};
/* End PBXResourcesBuildPhase section */

/* Begin PBXSourcesBuildPhase section */
		C405DCF51F5D319000CE6638 /* Sources */ = {
			isa = PBXSourcesBuildPhase;
			buildActionMask = 2147483647;
			files = (
				C405DDB91F5D339700CE6638 /* MASConstraint.m in Sources */,
				C405DDBC1F5D339700CE6638 /* MASViewAttribute.m in Sources */,
				C405DDDA1F5D339700CE6638 /* ListViewController.m in Sources */,
				C405DDCB1F5D339700CE6638 /* SDWebImageManager.m in Sources */,
				C405DDCC1F5D339700CE6638 /* SDWebImagePrefetcher.m in Sources */,
				C405DDD51F5D339700CE6638 /* NetRequestWork.m in Sources */,
				C405DDBA1F5D339700CE6638 /* MASConstraintMaker.m in Sources */,
				C405DDA81F5D339700CE6638 /* AFHTTPSessionManager.m in Sources */,
				C405DDAD1F5D339700CE6638 /* AFURLSessionManager.m in Sources */,
				C405DDB51F5D339700CE6638 /* UIRefreshControl+AFNetworking.m in Sources */,
				C405DDCA1F5D339700CE6638 /* SDWebImageDownloaderOperation.m in Sources */,
				C405DDAA1F5D339700CE6638 /* AFSecurityPolicy.m in Sources */,
				C405DDC51F5D339700CE6638 /* SDImageCache.m in Sources */,
				C405DDBD1F5D339700CE6638 /* MASViewConstraint.m in Sources */,
				C405DDC01F5D339700CE6638 /* View+MASAdditions.m in Sources */,
				C405DDB81F5D339700CE6638 /* MASCompositeConstraint.m in Sources */,
				C405DD011F5D319000CE6638 /* AppDelegate.m in Sources */,
				C405DDB41F5D339700CE6638 /* UIProgressView+AFNetworking.m in Sources */,
				C405DDB01F5D339700CE6638 /* AFNetworkActivityIndicatorManager.m in Sources */,
				C405DDBB1F5D339700CE6638 /* MASLayoutConstraint.m in Sources */,
				C405DDCE1F5D339700CE6638 /* UIImage+GIF.m in Sources */,
				C405DDDC1F5D339700CE6638 /* NewTableViewCell.m in Sources */,
				C405DDC41F5D339700CE6638 /* NSImage+WebCache.m in Sources */,
				C405DDDB1F5D339700CE6638 /* HeaderModel.m in Sources */,
				C405DDB31F5D339700CE6638 /* UIImageView+AFNetworking.m in Sources */,
				C405DDAB1F5D339700CE6638 /* AFURLRequestSerialization.m in Sources */,
				C405DDD21F5D339700CE6638 /* UIImageView+WebCache.m in Sources */,
				C405DDB11F5D339700CE6638 /* UIActivityIndicatorView+AFNetworking.m in Sources */,
				C405DDDD1F5D339700CE6638 /* WebDetailViewController.m in Sources */,
				C405DDCD1F5D339700CE6638 /* UIButton+WebCache.m in Sources */,
				C405DDC91F5D339700CE6638 /* SDWebImageDownloader.m in Sources */,
				C405DDD01F5D339700CE6638 /* UIImage+WebP.m in Sources */,
				C405DDCF1F5D339700CE6638 /* UIImage+MultiFormat.m in Sources */,
				C405DDC61F5D339700CE6638 /* SDImageCacheConfig.m in Sources */,
				C405DDB61F5D339700CE6638 /* UIWebView+AFNetworking.m in Sources */,
				C405DDD41F5D339700CE6638 /* UIView+WebCacheOperation.m in Sources */,
				C405DDDF1F5D339700CE6638 /* SuperViewModel.m in Sources */,
				C405DDA91F5D339700CE6638 /* AFNetworkReachabilityManager.m in Sources */,
				C405DDDE1F5D339700CE6638 /* listViewModel.m in Sources */,
				C405DDC71F5D339700CE6638 /* SDWebImageCompat.m in Sources */,
				C405DDBF1F5D339700CE6638 /* NSLayoutConstraint+MASDebugAdditions.m in Sources */,
				C405DDC81F5D339700CE6638 /* SDWebImageDecoder.m in Sources */,
				C405DDAE1F5D339700CE6638 /* AFAutoPurgingImageCache.m in Sources */,
				C405DDAF1F5D339700CE6638 /* AFImageDownloader.m in Sources */,
				C405DDBE1F5D339700CE6638 /* NSArray+MASAdditions.m in Sources */,
				C405DDC11F5D339700CE6638 /* ViewController+MASAdditions.m in Sources */,
				C405DDAC1F5D339700CE6638 /* AFURLResponseSerialization.m in Sources */,
				C405DDD91F5D339700CE6638 /* UILabel+configure.m in Sources */,
				C405DDC21F5D339700CE6638 /* MKAnnotationView+WebCache.m in Sources */,
				C405DDB21F5D339700CE6638 /* UIButton+AFNetworking.m in Sources */,
				C405DDD31F5D339700CE6638 /* UIView+WebCache.m in Sources */,
				C405DDD11F5D339700CE6638 /* UIImageView+HighlightedWebCache.m in Sources */,
				C405DDC31F5D339700CE6638 /* NSData+ImageContentType.m in Sources */,
				C405DCFE1F5D319000CE6638 /* main.m in Sources */,
			);
			runOnlyForDeploymentPostprocessing = 0;
		};
/* End PBXSourcesBuildPhase section */

/* Begin PBXVariantGroup section */
		C405DD051F5D319000CE6638 /* Main.storyboard */ = {
			isa = PBXVariantGroup;
			children = (
				C405DD061F5D319000CE6638 /* Base */,
			);
			name = Main.storyboard;
			sourceTree = "<group>";
		};
		C405DD0A1F5D319000CE6638 /* LaunchScreen.storyboard */ = {
			isa = PBXVariantGroup;
			children = (
				C405DD0B1F5D319000CE6638 /* Base */,
			);
			name = LaunchScreen.storyboard;
			sourceTree = "<group>";
		};
/* End PBXVariantGroup section */

/* Begin XCBuildConfiguration section */
		C405DD0E1F5D319000CE6638 /* Debug */ = {
			isa = XCBuildConfiguration;
			buildSettings = {
				ALWAYS_SEARCH_USER_PATHS = NO;
				CLANG_ANALYZER_NONNULL = YES;
				CLANG_ANALYZER_NUMBER_OBJECT_CONVERSION = YES_AGGRESSIVE;
				CLANG_CXX_LANGUAGE_STANDARD = "gnu++0x";
				CLANG_CXX_LIBRARY = "libc++";
				CLANG_ENABLE_MODULES = YES;
				CLANG_ENABLE_OBJC_ARC = YES;
				CLANG_WARN_BOOL_CONVERSION = YES;
				CLANG_WARN_CONSTANT_CONVERSION = YES;
				CLANG_WARN_DIRECT_OBJC_ISA_USAGE = YES_ERROR;
				CLANG_WARN_DOCUMENTATION_COMMENTS = YES;
				CLANG_WARN_EMPTY_BODY = YES;
				CLANG_WARN_ENUM_CONVERSION = YES;
				CLANG_WARN_INFINITE_RECURSION = YES;
				CLANG_WARN_INT_CONVERSION = YES;
				CLANG_WARN_OBJC_ROOT_CLASS = YES_ERROR;
				CLANG_WARN_SUSPICIOUS_MOVE = YES;
				CLANG_WARN_UNREACHABLE_CODE = YES;
				CLANG_WARN__DUPLICATE_METHOD_MATCH = YES;
				"CODE_SIGN_IDENTITY[sdk=iphoneos*]" = "iPhone Developer";
				COPY_PHASE_STRIP = NO;
				DEBUG_INFORMATION_FORMAT = dwarf;
				ENABLE_STRICT_OBJC_MSGSEND = YES;
				ENABLE_TESTABILITY = YES;
				GCC_C_LANGUAGE_STANDARD = gnu99;
				GCC_DYNAMIC_NO_PIC = NO;
				GCC_NO_COMMON_BLOCKS = YES;
				GCC_OPTIMIZATION_LEVEL = 0;
				GCC_PREPROCESSOR_DEFINITIONS = (
					"DEBUG=1",
					"$(inherited)",
				);
				GCC_WARN_64_TO_32_BIT_CONVERSION = YES;
				GCC_WARN_ABOUT_RETURN_TYPE = YES_ERROR;
				GCC_WARN_UNDECLARED_SELECTOR = YES;
				GCC_WARN_UNINITIALIZED_AUTOS = YES_AGGRESSIVE;
				GCC_WARN_UNUSED_FUNCTION = YES;
				GCC_WARN_UNUSED_VARIABLE = YES;
				IPHONEOS_DEPLOYMENT_TARGET = 10.3;
				MTL_ENABLE_DEBUG_INFO = YES;
				ONLY_ACTIVE_ARCH = YES;
				SDKROOT = iphoneos;
			};
			name = Debug;
		};
		C405DD0F1F5D319000CE6638 /* Release */ = {
			isa = XCBuildConfiguration;
			buildSettings = {
				ALWAYS_SEARCH_USER_PATHS = NO;
				CLANG_ANALYZER_NONNULL = YES;
				CLANG_ANALYZER_NUMBER_OBJECT_CONVERSION = YES_AGGRESSIVE;
				CLANG_CXX_LANGUAGE_STANDARD = "gnu++0x";
				CLANG_CXX_LIBRARY = "libc++";
				CLANG_ENABLE_MODULES = YES;
				CLANG_ENABLE_OBJC_ARC = YES;
				CLANG_WARN_BOOL_CONVERSION = YES;
				CLANG_WARN_CONSTANT_CONVERSION = YES;
				CLANG_WARN_DIRECT_OBJC_ISA_USAGE = YES_ERROR;
				CLANG_WARN_DOCUMENTATION_COMMENTS = YES;
				CLANG_WARN_EMPTY_BODY = YES;
				CLANG_WARN_ENUM_CONVERSION = YES;
				CLANG_WARN_INFINITE_RECURSION = YES;
				CLANG_WARN_INT_CONVERSION = YES;
				CLANG_WARN_OBJC_ROOT_CLASS = YES_ERROR;
				CLANG_WARN_SUSPICIOUS_MOVE = YES;
				CLANG_WARN_UNREACHABLE_CODE = YES;
				CLANG_WARN__DUPLICATE_METHOD_MATCH = YES;
				"CODE_SIGN_IDENTITY[sdk=iphoneos*]" = "iPhone Developer";
				COPY_PHASE_STRIP = NO;
				DEBUG_INFORMATION_FORMAT = "dwarf-with-dsym";
				ENABLE_NS_ASSERTIONS = NO;
				ENABLE_STRICT_OBJC_MSGSEND = YES;
				GCC_C_LANGUAGE_STANDARD = gnu99;
				GCC_NO_COMMON_BLOCKS = YES;
				GCC_WARN_64_TO_32_BIT_CONVERSION = YES;
				GCC_WARN_ABOUT_RETURN_TYPE = YES_ERROR;
				GCC_WARN_UNDECLARED_SELECTOR = YES;
				GCC_WARN_UNINITIALIZED_AUTOS = YES_AGGRESSIVE;
				GCC_WARN_UNUSED_FUNCTION = YES;
				GCC_WARN_UNUSED_VARIABLE = YES;
				IPHONEOS_DEPLOYMENT_TARGET = 10.3;
				MTL_ENABLE_DEBUG_INFO = NO;
				SDKROOT = iphoneos;
				VALIDATE_PRODUCT = YES;
			};
			name = Release;
		};
		C405DD111F5D319000CE6638 /* Debug */ = {
			isa = XCBuildConfiguration;
			buildSettings = {
				ASSETCATALOG_COMPILER_APPICON_NAME = AppIcon;
				DEVELOPMENT_TEAM = CT53GSRHXS;
				GCC_PRECOMPILE_PREFIX_HEADER = YES;
				GCC_PREFIX_HEADER = MVVMExamples/Config/Mvvm_Prefix.pch;
				INFOPLIST_FILE = MVVMExamples/Info.plist;
				IPHONEOS_DEPLOYMENT_TARGET = 8.0;
				LD_RUNPATH_SEARCH_PATHS = "$(inherited) @executable_path/Frameworks";
				PRODUCT_BUNDLE_IDENTIFIER = maomao.MVVMExamples;
				PRODUCT_NAME = "$(TARGET_NAME)";
			};
			name = Debug;
		};
		C405DD121F5D319000CE6638 /* Release */ = {
			isa = XCBuildConfiguration;
			buildSettings = {
				ASSETCATALOG_COMPILER_APPICON_NAME = AppIcon;
				DEVELOPMENT_TEAM = CT53GSRHXS;
				GCC_PRECOMPILE_PREFIX_HEADER = YES;
				GCC_PREFIX_HEADER = MVVMExamples/Config/Mvvm_Prefix.pch;
				INFOPLIST_FILE = MVVMExamples/Info.plist;
				IPHONEOS_DEPLOYMENT_TARGET = 8.0;
				LD_RUNPATH_SEARCH_PATHS = "$(inherited) @executable_path/Frameworks";
				PRODUCT_BUNDLE_IDENTIFIER = maomao.MVVMExamples;
				PRODUCT_NAME = "$(TARGET_NAME)";
			};
			name = Release;
		};
/* End XCBuildConfiguration section */

/* Begin XCConfigurationList section */
		C405DCF41F5D319000CE6638 /* Build configuration list for PBXProject "MVVMExamples" */ = {
			isa = XCConfigurationList;
			buildConfigurations = (
				C405DD0E1F5D319000CE6638 /* Debug */,
				C405DD0F1F5D319000CE6638 /* Release */,
			);
			defaultConfigurationIsVisible = 0;
			defaultConfigurationName = Release;
		};
		C405DD101F5D319000CE6638 /* Build configuration list for PBXNativeTarget "MVVMExamples" */ = {
			isa = XCConfigurationList;
			buildConfigurations = (
				C405DD111F5D319000CE6638 /* Debug */,
				C405DD121F5D319000CE6638 /* Release */,
			);
			defaultConfigurationIsVisible = 0;
		};
/* End XCConfigurationList section */
	};
	rootObject = C405DCF11F5D319000CE6638 /* Project object */;
}
