// !$*UTF8*$!
{
	archiveVersion = 1;
	classes = {
	};
	objectVersion = 46;
	objects = {

/* Begin PBXBuildFile section */
		C405DCFE1F5D319000CE6638 /* main.m in Sources */ = {isa = PBXBuildFile; fileRef = C405DCFD1F5D319000CE6638 /* main.m */; };
		C405DD011F5D319000CE6638 /* AppDelegate.m in Sources */ = {isa = PBXBuildFile; fileRef = C405DD001F5D319000CE6638 /* AppDelegate.m */; };
		C405DD041F5D319000CE6638 /* ViewController.m in Sources */ = {isa = PBXBuildFile; fileRef = C405DD031F5D319000CE6638 /* ViewController.m */; };
		C405DD071F5D319000CE6638 /* Main.storyboard in Resources */ = {isa = PBXBuildFile; fileRef = C405DD051F5D319000CE6638 /* Main.storyboard */; };
		C405DD091F5D319000CE6638 /* Assets.xcassets in Resources */ = {isa = PBXBuildFile; fileRef = C405DD081F5D319000CE6638 /* Assets.xcassets */; };
		C405DD0C1F5D319000CE6638 /* LaunchScreen.storyboard in Resources */ = {isa = PBXBuildFile; fileRef = C405DD0A1F5D319000CE6638 /* LaunchScreen.storyboard */; };
/* End PBXBuildFile section */

/* Begin PBXFileReference section */
		C405DCF91F5D319000CE6638 /* MVVMExamples.app */ = {isa = PBXFileReference; explicitFileType = wrapper.application; includeInIndex = 0; path = MVVMExamples.app; sourceTree = BUILT_PRODUCTS_DIR; };
		C405DCFD1F5D319000CE6638 /* main.m */ = {isa = PBXFileReference; lastKnownFileType = sourcecode.c.objc; path = main.m; sourceTree = "<group>"; };
		C405DCFF1F5D319000CE6638 /* AppDelegate.h */ = {isa = PBXFileReference; lastKnownFileType = sourcecode.c.h; path = AppDelegate.h; sourceTree = "<group>"; };
		C405DD001F5D319000CE6638 /* AppDelegate.m */ = {isa = PBXFileReference; lastKnownFileType = sourcecode.c.objc; path = AppDelegate.m; sourceTree = "<group>"; };
		C405DD021F5D319000CE6638 /* ViewController.h */ = {isa = PBXFileReference; lastKnownFileType = sourcecode.c.h; path = ViewController.h; sourceTree = "<group>"; };
		C405DD031F5D319000CE6638 /* ViewController.m */ = {isa = PBXFileReference; lastKnownFileType = sourcecode.c.objc; path = ViewController.m; sourceTree = "<group>"; };
		C405DD061F5D319000CE6638 /* Base */ = {isa = PBXFileReference; lastKnownFileType = file.storyboard; name = Base; path = Base.lproj/Main.storyboard; sourceTree = "<group>"; };
		C405DD081F5D319000CE6638 /* Assets.xcassets */ = {isa = PBXFileReference; lastKnownFileType = folder.assetcatalog; path = Assets.xcassets; sourceTree = "<group>"; };
		C405DD0B1F5D319000CE6638 /* Base */ = {isa = PBXFileReference; lastKnownFileType = file.storyboard; name = Base; path = Base.lproj/LaunchScreen.storyboard; sourceTree = "<group>"; };
		C405DD0D1F5D319000CE6638 /* Info.plist */ = {isa = PBXFileReference; lastKnownFileType = text.plist.xml; path = Info.plist; sourceTree = "<group>"; };
/* End PBXFileReference section */

/* Begin PBXFrameworksBuildPhase section */
		C405DCF61F5D319000CE6638 /* Frameworks */ = {
			isa = PBXFrameworksBuildPhase;
			buildActionMask = 2147483647;
			files = (
			);
			runOnlyForDeploymentPostprocessing = 0;
		};
/* End PBXFrameworksBuildPhase section */

/* Begin PBXGroup section */
		C405DCF01F5D319000CE6638 = {
			isa = PBXGroup;
			children = (
				C405DCFB1F5D319000CE6638 /* MVVMExamples */,
				C405DCFA1F5D319000CE6638 /* Products */,
			);
			sourceTree = "<group>";
		};
		C405DCFA1F5D319000CE6638 /* Products */ = {
			isa = PBXGroup;
			children = (
				C405DCF91F5D319000CE6638 /* MVVMExamples.app */,
			);
			name = Products;
			sourceTree = "<group>";
		};
		C405DCFB1F5D319000CE6638 /* MVVMExamples */ = {
			isa = PBXGroup;
			children = (
				C405DCFF1F5D319000CE6638 /* AppDelegate.h */,
				C405DD001F5D319000CE6638 /* AppDelegate.m */,
				C405DD021F5D319000CE6638 /* ViewController.h */,
				C405DD031F5D319000CE6638 /* ViewController.m */,
				C405DD051F5D319000CE6638 /* Main.storyboard */,
				C405DD081F5D319000CE6638 /* Assets.xcassets */,
				C405DD0A1F5D319000CE6638 /* LaunchScreen.storyboard */,
				C405DD0D1F5D319000CE6638 /* Info.plist */,
				C405DCFC1F5D319000CE6638 /* Supporting Files */,
			);
			path = MVVMExamples;
			sourceTree = "<group>";
		};
		C405DCFC1F5D319000CE6638 /* Supporting Files */ = {
			isa = PBXGroup;
			children = (
				C405DCFD1F5D319000CE6638 /* main.m */,
			);
			name = "Supporting Files";
			sourceTree = "<group>";
		};
/* End PBXGroup section */

/* Begin PBXNativeTarget section */
		C405DCF81F5D319000CE6638 /* MVVMExamples */ = {
			isa = PBXNativeTarget;
			buildConfigurationList = C405DD101F5D319000CE6638 /* Build configuration list for PBXNativeTarget "MVVMExamples" */;
			buildPhases = (
				C405DCF51F5D319000CE6638 /* Sources */,
				C405DCF61F5D319000CE6638 /* Frameworks */,
				C405DCF71F5D319000CE6638 /* Resources */,
			);
			buildRules = (
			);
			dependencies = (
			);
			name = MVVMExamples;
			productName = MVVMExamples;
			productReference = C405DCF91F5D319000CE6638 /* MVVMExamples.app */;
			productType = "com.apple.product-type.application";
		};
/* End PBXNativeTarget section */

/* Begin PBXProject section */
		C405DCF11F5D319000CE6638 /* Project object */ = {
			isa = PBXProject;
			attributes = {
				LastUpgradeCheck = 0830;
				ORGANIZATIONNAME = hero;
				TargetAttributes = {
					C405DCF81F5D319000CE6638 = {
						CreatedOnToolsVersion = 8.3.3;
						DevelopmentTeam = CT53GSRHXS;
						ProvisioningStyle = Automatic;
					};
				};
			};
			buildConfigurationList = C405DCF41F5D319000CE6638 /* Build configuration list for PBXProject "MVVMExamples" */;
			compatibilityVersion = "Xcode 3.2";
			developmentRegion = English;
			hasScannedForEncodings = 0;
			knownRegions = (
				en,
				Base,
			);
			mainGroup = C405DCF01F5D319000CE6638;
			productRefGroup = C405DCFA1F5D319000CE6638 /* Products */;
			projectDirPath = "";
			projectRoot = "";
			targets = (
				C405DCF81F5D319000CE6638 /* MVVMExamples */,
			);
		};
/* End PBXProject section */

/* Begin PBXResourcesBuildPhase section */
		C405DCF71F5D319000CE6638 /* Resources */ = {
			isa = PBXResourcesBuildPhase;
			buildActionMask = 2147483647;
			files = (
				C405DD0C1F5D319000CE6638 /* LaunchScreen.storyboard in Resources */,
				C405DD091F5D319000CE6638 /* Assets.xcassets in Resources */,
				C405DD071F5D319000CE6638 /* Main.storyboard in Resources */,
			);
			runOnlyForDeploymentPostprocessing = 0;
		};
/* End PBXResourcesBuildPhase section */

/* Begin PBXSourcesBuildPhase section */
		C405DCF51F5D319000CE6638 /* Sources */ = {
			isa = PBXSourcesBuildPhase;
			buildActionMask = 2147483647;
			files = (
				C405DD041F5D319000CE6638 /* ViewController.m in Sources */,
				C405DD011F5D319000CE6638 /* AppDelegate.m in Sources */,
				C405DCFE1F5D319000CE6638 /* main.m in Sources */,
			);
			runOnlyForDeploymentPostprocessing = 0;
		};
/* End PBXSourcesBuildPhase section */

/* Begin PBXVariantGroup section */
		C405DD051F5D319000CE6638 /* Main.storyboard */ = {
			isa = PBXVariantGroup;
			children = (
				C405DD061F5D319000CE6638 /* Base */,
			);
			name = Main.storyboard;
			sourceTree = "<group>";
		};
		C405DD0A1F5D319000CE6638 /* LaunchScreen.storyboard */ = {
			isa = PBXVariantGroup;
			children = (
				C405DD0B1F5D319000CE6638 /* Base */,
			);
			name = LaunchScreen.storyboard;
			sourceTree = "<group>";
		};
/* End PBXVariantGroup section */

/* Begin XCBuildConfiguration section */
		C405DD0E1F5D319000CE6638 /* Debug */ = {
			isa = XCBuildConfiguration;
			buildSettings = {
				ALWAYS_SEARCH_USER_PATHS = NO;
				CLANG_ANALYZER_NONNULL = YES;
				CLANG_ANALYZER_NUMBER_OBJECT_CONVERSION = YES_AGGRESSIVE;
				CLANG_CXX_LANGUAGE_STANDARD = "gnu++0x";
				CLANG_CXX_LIBRARY = "libc++";
				CLANG_ENABLE_MODULES = YES;
				CLANG_ENABLE_OBJC_ARC = YES;
				CLANG_WARN_BOOL_CONVERSION = YES;
				CLANG_WARN_CONSTANT_CONVERSION = YES;
				CLANG_WARN_DIRECT_OBJC_ISA_USAGE = YES_ERROR;
				CLANG_WARN_DOCUMENTATION_COMMENTS = YES;
				CLANG_WARN_EMPTY_BODY = YES;
				CLANG_WARN_ENUM_CONVERSION = YES;
				CLANG_WARN_INFINITE_RECURSION = YES;
				CLANG_WARN_INT_CONVERSION = YES;
				CLANG_WARN_OBJC_ROOT_CLASS = YES_ERROR;
				CLANG_WARN_SUSPICIOUS_MOVE = YES;
				CLANG_WARN_UNREACHABLE_CODE = YES;
				CLANG_WARN__DUPLICATE_METHOD_MATCH = YES;
				"CODE_SIGN_IDENTITY[sdk=iphoneos*]" = "iPhone Developer";
				COPY_PHASE_STRIP = NO;
				DEBUG_INFORMATION_FORMAT = dwarf;
				ENABLE_STRICT_OBJC_MSGSEND = YES;
				ENABLE_TESTABILITY = YES;
				GCC_C_LANGUAGE_STANDARD = gnu99;
				GCC_DYNAMIC_NO_PIC = NO;
				GCC_NO_COMMON_BLOCKS = YES;
				GCC_OPTIMIZATION_LEVEL = 0;
				GCC_PREPROCESSOR_DEFINITIONS = (
					"DEBUG=1",
					"$(inherited)",
				);
				GCC_WARN_64_TO_32_BIT_CONVERSION = YES;
				GCC_WARN_ABOUT_RETURN_TYPE = YES_ERROR;
				GCC_WARN_UNDECLARED_SELECTOR = YES;
				GCC_WARN_UNINITIALIZED_AUTOS = YES_AGGRESSIVE;
				GCC_WARN_UNUSED_FUNCTION = YES;
				GCC_WARN_UNUSED_VARIABLE = YES;
				IPHONEOS_DEPLOYMENT_TARGET = 10.3;
				MTL_ENABLE_DEBUG_INFO = YES;
				ONLY_ACTIVE_ARCH = YES;
				SDKROOT = iphoneos;
			};
			name = Debug;
		};
		C405DD0F1F5D319000CE6638 /* Release */ = {
			isa = XCBuildConfiguration;
			buildSettings = {
				ALWAYS_SEARCH_USER_PATHS = NO;
				CLANG_ANALYZER_NONNULL = YES;
				CLANG_ANALYZER_NUMBER_OBJECT_CONVERSION = YES_AGGRESSIVE;
				CLANG_CXX_LANGUAGE_STANDARD = "gnu++0x";
				CLANG_CXX_LIBRARY = "libc++";
				CLANG_ENABLE_MODULES = YES;
				CLANG_ENABLE_OBJC_ARC = YES;
				CLANG_WARN_BOOL_CONVERSION = YES;
				CLANG_WARN_CONSTANT_CONVERSION = YES;
				CLANG_WARN_DIRECT_OBJC_ISA_USAGE = YES_ERROR;
				CLANG_WARN_DOCUMENTATION_COMMENTS = YES;
				CLANG_WARN_EMPTY_BODY = YES;
				CLANG_WARN_ENUM_CONVERSION = YES;
				CLANG_WARN_INFINITE_RECURSION = YES;
				CLANG_WARN_INT_CONVERSION = YES;
				CLANG_WARN_OBJC_ROOT_CLASS = YES_ERROR;
				CLANG_WARN_SUSPICIOUS_MOVE = YES;
				CLANG_WARN_UNREACHABLE_CODE = YES;
				CLANG_WARN__DUPLICATE_METHOD_MATCH = YES;
				"CODE_SIGN_IDENTITY[sdk=iphoneos*]" = "iPhone Developer";
				COPY_PHASE_STRIP = NO;
				DEBUG_INFORMATION_FORMAT = "dwarf-with-dsym";
				ENABLE_NS_ASSERTIONS = NO;
				ENABLE_STRICT_OBJC_MSGSEND = YES;
				GCC_C_LANGUAGE_STANDARD = gnu99;
				GCC_NO_COMMON_BLOCKS = YES;
				GCC_WARN_64_TO_32_BIT_CONVERSION = YES;
				GCC_WARN_ABOUT_RETURN_TYPE = YES_ERROR;
				GCC_WARN_UNDECLARED_SELECTOR = YES;
				GCC_WARN_UNINITIALIZED_AUTOS = YES_AGGRESSIVE;
				GCC_WARN_UNUSED_FUNCTION = YES;
				GCC_WARN_UNUSED_VARIABLE = YES;
				IPHONEOS_DEPLOYMENT_TARGET = 10.3;
				MTL_ENABLE_DEBUG_INFO = NO;
				SDKROOT = iphoneos;
				VALIDATE_PRODUCT = YES;
			};
			name = Release;
		};
		C405DD111F5D319000CE6638 /* Debug */ = {
			isa = XCBuildConfiguration;
			buildSettings = {
				ASSETCATALOG_COMPILER_APPICON_NAME = AppIcon;
				DEVELOPMENT_TEAM = CT53GSRHXS;
				INFOPLIST_FILE = MVVMExamples/Info.plist;
				LD_RUNPATH_SEARCH_PATHS = "$(inherited) @executable_path/Frameworks";
				PRODUCT_BUNDLE_IDENTIFIER = maomao.MVVMExamples;
				PRODUCT_NAME = "$(TARGET_NAME)";
			};
			name = Debug;
		};
		C405DD121F5D319000CE6638 /* Release */ = {
			isa = XCBuildConfiguration;
			buildSettings = {
				ASSETCATALOG_COMPILER_APPICON_NAME = AppIcon;
				DEVELOPMENT_TEAM = CT53GSRHXS;
				INFOPLIST_FILE = MVVMExamples/Info.plist;
				LD_RUNPATH_SEARCH_PATHS = "$(inherited) @executable_path/Frameworks";
				PRODUCT_BUNDLE_IDENTIFIER = maomao.MVVMExamples;
				PRODUCT_NAME = "$(TARGET_NAME)";
			};
			name = Release;
		};
/* End XCBuildConfiguration section */

/* Begin XCConfigurationList section */
		C405DCF41F5D319000CE6638 /* Build configuration list for PBXProject "MVVMExamples" */ = {
			isa = XCConfigurationList;
			buildConfigurations = (
				C405DD0E1F5D319000CE6638 /* Debug */,
				C405DD0F1F5D319000CE6638 /* Release */,
			);
			defaultConfigurationIsVisible = 0;
			defaultConfigurationName = Release;
		};
		C405DD101F5D319000CE6638 /* Build configuration list for PBXNativeTarget "MVVMExamples" */ = {
			isa = XCConfigurationList;
			buildConfigurations = (
				C405DD111F5D319000CE6638 /* Debug */,
				C405DD121F5D319000CE6638 /* Release */,
			);
			defaultConfigurationIsVisible = 0;
		};
/* End XCConfigurationList section */
	};
	rootObject = C405DCF11F5D319000CE6638 /* Project object */;
}
